
Microsoft Visual Studio Solution File, Format Version 12.00
# Visual Studio 15
VisualStudioVersion = 15.0.27130.2010
MinimumVisualStudioVersion = 10.0.40219.1
Project("{8BC9CEB8-8B4A-11D0-8D11-00A0C91BC942}") = "shared", "shared\shared.vcxproj", "{10868996-D864-4E88-8BCB-BA530AF64712}"
EndProject
Project("{FAE04EC0-301F-11D3-BF4B-00C04F79EFBC}") = "ALVR", "ALVR\ALVR.csproj", "{EF437C2D-9F33-4A80-985D-FAFD8ABCF304}"
EndProject
Project("{8BC9CEB8-8B4A-11D0-8D11-00A0C91BC942}") = "alvr_server", "alvr_server\driver_virtual_display.vcxproj", "{6FB51D67-327E-4A18-BC74-7AA6AAB4C827}"
EndProject
Project("{8BC9CEB8-8B4A-11D0-8D11-00A0C91BC942}") = "CUDA", "CUDA\CUDA.vcxproj", "{12336478-A663-42F8-8D52-8D093CD99992}"
EndProject
Project("{FAE04EC0-301F-11D3-BF4B-00C04F79EFBC}") = "CrashReport", "CrashReport\CrashReport.csproj", "{A89AECE3-9567-48E8-927D-1C8FA0A382A4}"
EndProject
Project("{8BC9CEB8-8B4A-11D0-8D11-00A0C91BC942}") = "gtest", "test\gtest\gtest.vcxproj", "{8B1986D1-E993-4B56-B8D0-32B06E424441}"
EndProject
Project("{8BC9CEB8-8B4A-11D0-8D11-00A0C91BC942}") = "AMF", "AMF\AMF.vcxproj", "{B040F09F-3DE1-4E72-AC89-F45DC4ECDE76}"
EndProject
Project("{8BC9CEB8-8B4A-11D0-8D11-00A0C91BC942}") = "AudioTestApp", "AudioTestApp\AudioTestApp.vcxproj", "{FC47282D-B7AA-418F-85F1-42031BE026B1}"
EndProject
Global
	GlobalSection(SolutionConfigurationPlatforms) = preSolution
		Debug|Any CPU = Debug|Any CPU
		Debug|x64 = Debug|x64
		Debug|x86 = Debug|x86
		Release|Any CPU = Release|Any CPU
		Release|x64 = Release|x64
		Release|x86 = Release|x86
	EndGlobalSection
	GlobalSection(ProjectConfigurationPlatforms) = postSolution
		{10868996-D864-4E88-8BCB-BA530AF64712}.Debug|Any CPU.ActiveCfg = Debug|x64
		{10868996-D864-4E88-8BCB-BA530AF64712}.Debug|x64.ActiveCfg = Debug|x64
		{10868996-D864-4E88-8BCB-BA530AF64712}.Debug|x64.Build.0 = Debug|x64
		{10868996-D864-4E88-8BCB-BA530AF64712}.Debug|x86.ActiveCfg = Debug|x64
		{10868996-D864-4E88-8BCB-BA530AF64712}.Release|Any CPU.ActiveCfg = Release|x64
		{10868996-D864-4E88-8BCB-BA530AF64712}.Release|x64.ActiveCfg = Release|x64
		{10868996-D864-4E88-8BCB-BA530AF64712}.Release|x64.Build.0 = Release|x64
		{10868996-D864-4E88-8BCB-BA530AF64712}.Release|x86.ActiveCfg = Release|x64
		{EF437C2D-9F33-4A80-985D-FAFD8ABCF304}.Debug|Any CPU.ActiveCfg = Debug|Any CPU
		{EF437C2D-9F33-4A80-985D-FAFD8ABCF304}.Debug|Any CPU.Build.0 = Debug|Any CPU
		{EF437C2D-9F33-4A80-985D-FAFD8ABCF304}.Debug|x64.ActiveCfg = Debug|Any CPU
		{EF437C2D-9F33-4A80-985D-FAFD8ABCF304}.Debug|x64.Build.0 = Debug|Any CPU
		{EF437C2D-9F33-4A80-985D-FAFD8ABCF304}.Debug|x86.ActiveCfg = Debug|Any CPU
		{EF437C2D-9F33-4A80-985D-FAFD8ABCF304}.Debug|x86.Build.0 = Debug|Any CPU
		{EF437C2D-9F33-4A80-985D-FAFD8ABCF304}.Release|Any CPU.ActiveCfg = Release|Any CPU
		{EF437C2D-9F33-4A80-985D-FAFD8ABCF304}.Release|Any CPU.Build.0 = Release|Any CPU
		{EF437C2D-9F33-4A80-985D-FAFD8ABCF304}.Release|x64.ActiveCfg = Release|Any CPU
		{EF437C2D-9F33-4A80-985D-FAFD8ABCF304}.Release|x64.Build.0 = Release|Any CPU
		{EF437C2D-9F33-4A80-985D-FAFD8ABCF304}.Release|x86.ActiveCfg = Release|Any CPU
		{EF437C2D-9F33-4A80-985D-FAFD8ABCF304}.Release|x86.Build.0 = Release|Any CPU
		{6FB51D67-327E-4A18-BC74-7AA6AAB4C827}.Debug|Any CPU.ActiveCfg = Debug|x64
		{6FB51D67-327E-4A18-BC74-7AA6AAB4C827}.Debug|x64.ActiveCfg = Debug|x64
		{6FB51D67-327E-4A18-BC74-7AA6AAB4C827}.Debug|x64.Build.0 = Debug|x64
		{6FB51D67-327E-4A18-BC74-7AA6AAB4C827}.Debug|x86.ActiveCfg = Debug|x64
		{6FB51D67-327E-4A18-BC74-7AA6AAB4C827}.Release|Any CPU.ActiveCfg = Release|x64
		{6FB51D67-327E-4A18-BC74-7AA6AAB4C827}.Release|x64.ActiveCfg = Release|x64
		{6FB51D67-327E-4A18-BC74-7AA6AAB4C827}.Release|x64.Build.0 = Release|x64
		{6FB51D67-327E-4A18-BC74-7AA6AAB4C827}.Release|x86.ActiveCfg = Release|x64
		{12336478-A663-42F8-8D52-8D093CD99992}.Debug|Any CPU.ActiveCfg = Debug|x64
		{12336478-A663-42F8-8D52-8D093CD99992}.Debug|x64.ActiveCfg = Debug|x64
		{12336478-A663-42F8-8D52-8D093CD99992}.Debug|x64.Build.0 = Debug|x64
		{12336478-A663-42F8-8D52-8D093CD99992}.Debug|x86.ActiveCfg = Debug|x64
		{12336478-A663-42F8-8D52-8D093CD99992}.Release|Any CPU.ActiveCfg = Release|x64
		{12336478-A663-42F8-8D52-8D093CD99992}.Release|x64.ActiveCfg = Release|x64
		{12336478-A663-42F8-8D52-8D093CD99992}.Release|x64.Build.0 = Release|x64
		{12336478-A663-42F8-8D52-8D093CD99992}.Release|x86.ActiveCfg = Release|x64
		{A89AECE3-9567-48E8-927D-1C8FA0A382A4}.Debug|Any CPU.ActiveCfg = Debug|Any CPU
		{A89AECE3-9567-48E8-927D-1C8FA0A382A4}.Debug|Any CPU.Build.0 = Debug|Any CPU
		{A89AECE3-9567-48E8-927D-1C8FA0A382A4}.Debug|x64.ActiveCfg = Debug|Any CPU
		{A89AECE3-9567-48E8-927D-1C8FA0A382A4}.Debug|x64.Build.0 = Debug|Any CPU
		{A89AECE3-9567-48E8-927D-1C8FA0A382A4}.Debug|x86.ActiveCfg = Debug|Any CPU
		{A89AECE3-9567-48E8-927D-1C8FA0A382A4}.Debug|x86.Build.0 = Debug|Any CPU
		{A89AECE3-9567-48E8-927D-1C8FA0A382A4}.Release|Any CPU.ActiveCfg = Release|Any CPU
		{A89AECE3-9567-48E8-927D-1C8FA0A382A4}.Release|Any CPU.Build.0 = Release|Any CPU
		{A89AECE3-9567-48E8-927D-1C8FA0A382A4}.Release|x64.ActiveCfg = Release|Any CPU
		{A89AECE3-9567-48E8-927D-1C8FA0A382A4}.Release|x64.Build.0 = Release|Any CPU
		{A89AECE3-9567-48E8-927D-1C8FA0A382A4}.Release|x86.ActiveCfg = Release|Any CPU
		{A89AECE3-9567-48E8-927D-1C8FA0A382A4}.Release|x86.Build.0 = Release|Any CPU
		{8B1986D1-E993-4B56-B8D0-32B06E424441}.Debug|Any CPU.ActiveCfg = Debug|x64
		{8B1986D1-E993-4B56-B8D0-32B06E424441}.Debug|x64.ActiveCfg = Debug|x64
		{8B1986D1-E993-4B56-B8D0-32B06E424441}.Debug|x64.Build.0 = Debug|x64
		{8B1986D1-E993-4B56-B8D0-32B06E424441}.Debug|x86.ActiveCfg = Debug|x64
		{8B1986D1-E993-4B56-B8D0-32B06E424441}.Release|Any CPU.ActiveCfg = Release|x64
		{8B1986D1-E993-4B56-B8D0-32B06E424441}.Release|x64.ActiveCfg = Release|x64
		{8B1986D1-E993-4B56-B8D0-32B06E424441}.Release|x64.Build.0 = Release|x64
		{8B1986D1-E993-4B56-B8D0-32B06E424441}.Release|x86.ActiveCfg = Release|x64
		{B040F09F-3DE1-4E72-AC89-F45DC4ECDE76}.Debug|Any CPU.ActiveCfg = Debug|Win32
		{B040F09F-3DE1-4E72-AC89-F45DC4ECDE76}.Debug|x64.ActiveCfg = Debug|x64
		{B040F09F-3DE1-4E72-AC89-F45DC4ECDE76}.Debug|x64.Build.0 = Debug|x64
		{B040F09F-3DE1-4E72-AC89-F45DC4ECDE76}.Debug|x86.ActiveCfg = Debug|Win32
		{B040F09F-3DE1-4E72-AC89-F45DC4ECDE76}.Debug|x86.Build.0 = Debug|Win32
		{B040F09F-3DE1-4E72-AC89-F45DC4ECDE76}.Release|Any CPU.ActiveCfg = Release|Win32
		{B040F09F-3DE1-4E72-AC89-F45DC4ECDE76}.Release|x64.ActiveCfg = Release|x64
		{B040F09F-3DE1-4E72-AC89-F45DC4ECDE76}.Release|x64.Build.0 = Release|x64
		{B040F09F-3DE1-4E72-AC89-F45DC4ECDE76}.Release|x86.ActiveCfg = Release|Win32
		{B040F09F-3DE1-4E72-AC89-F45DC4ECDE76}.Release|x86.Build.0 = Release|Win32
		{FC47282D-B7AA-418F-85F1-42031BE026B1}.Debug|Any CPU.ActiveCfg = Debug|Win32
		{FC47282D-B7AA-418F-85F1-42031BE026B1}.Debug|x64.ActiveCfg = Debug|x64
		{FC47282D-B7AA-418F-85F1-42031BE026B1}.Debug|x64.Build.0 = Debug|x64
		{FC47282D-B7AA-418F-85F1-42031BE026B1}.Debug|x86.ActiveCfg = Debug|Win32
		{FC47282D-B7AA-418F-85F1-42031BE026B1}.Debug|x86.Build.0 = Debug|Win32
		{FC47282D-B7AA-418F-85F1-42031BE026B1}.Release|Any CPU.ActiveCfg = Release|Win32
		{FC47282D-B7AA-418F-85F1-42031BE026B1}.Release|x64.ActiveCfg = Release|x64
		{FC47282D-B7AA-418F-85F1-42031BE026B1}.Release|x64.Build.0 = Release|x64
		{FC47282D-B7AA-418F-85F1-42031BE026B1}.Release|x86.ActiveCfg = Release|Win32
		{FC47282D-B7AA-418F-85F1-42031BE026B1}.Release|x86.Build.0 = Release|Win32
	EndGlobalSection
	GlobalSection(SolutionProperties) = preSolution
		HideSolutionNode = FALSE
	EndGlobalSection
	GlobalSection(ExtensibilityGlobals) = postSolution
		SolutionGuid = {F7547D2D-C607-483D-B856-E7250F9499C6}
	EndGlobalSection
EndGlobal
